// !$*UTF8*$!
{
	archiveVersion = 1;
	classes = {
	};
	objectVersion = 50;
	objects = {

/* Begin PBXBuildFile section */
		EED7AF7524B286CB00C18E24 /* AppDelegate.swift in Sources */ = {isa = PBXBuildFile; fileRef = EED7AF7424B286CB00C18E24 /* AppDelegate.swift */; };
		EED7AF7724B286CB00C18E24 /* SceneDelegate.swift in Sources */ = {isa = PBXBuildFile; fileRef = EED7AF7624B286CB00C18E24 /* SceneDelegate.swift */; };
		EED7AF7924B286CB00C18E24 /* ViewController.swift in Sources */ = {isa = PBXBuildFile; fileRef = EED7AF7824B286CB00C18E24 /* ViewController.swift */; };
		EED7AF7C24B286CB00C18E24 /* Main.storyboard in Resources */ = {isa = PBXBuildFile; fileRef = EED7AF7A24B286CB00C18E24 /* Main.storyboard */; };
		EED7AF7E24B286D100C18E24 /* Assets.xcassets in Resources */ = {isa = PBXBuildFile; fileRef = EED7AF7D24B286D100C18E24 /* Assets.xcassets */; };
		EED7AF8124B286D100C18E24 /* LaunchScreen.storyboard in Resources */ = {isa = PBXBuildFile; fileRef = EED7AF7F24B286D100C18E24 /* LaunchScreen.storyboard */; };
		EED7AF8C24B286D100C18E24 /* TheMovieDBTests.swift in Sources */ = {isa = PBXBuildFile; fileRef = EED7AF8B24B286D100C18E24 /* TheMovieDBTests.swift */; };
		EED7AF9A24B287F200C18E24 /* Movies.swift in Sources */ = {isa = PBXBuildFile; fileRef = EED7AF9924B287F200C18E24 /* Movies.swift */; };
		EED7AF9C24B287FF00C18E24 /* Networking.swift in Sources */ = {isa = PBXBuildFile; fileRef = EED7AF9B24B287FF00C18E24 /* Networking.swift */; };
/* End PBXBuildFile section */

/* Begin PBXContainerItemProxy section */
		EED7AF8824B286D100C18E24 /* PBXContainerItemProxy */ = {
			isa = PBXContainerItemProxy;
			containerPortal = EED7AF6924B286CB00C18E24 /* Project object */;
			proxyType = 1;
			remoteGlobalIDString = EED7AF7024B286CB00C18E24;
			remoteInfo = TheMovieDB;
		};
/* End PBXContainerItemProxy section */

/* Begin PBXFileReference section */
		EED7AF7124B286CB00C18E24 /* TheMovieDB.app */ = {isa = PBXFileReference; explicitFileType = wrapper.application; includeInIndex = 0; path = TheMovieDB.app; sourceTree = BUILT_PRODUCTS_DIR; };
		EED7AF7424B286CB00C18E24 /* AppDelegate.swift */ = {isa = PBXFileReference; lastKnownFileType = sourcecode.swift; path = AppDelegate.swift; sourceTree = "<group>"; };
		EED7AF7624B286CB00C18E24 /* SceneDelegate.swift */ = {isa = PBXFileReference; lastKnownFileType = sourcecode.swift; path = SceneDelegate.swift; sourceTree = "<group>"; };
		EED7AF7824B286CB00C18E24 /* ViewController.swift */ = {isa = PBXFileReference; lastKnownFileType = sourcecode.swift; path = ViewController.swift; sourceTree = "<group>"; };
		EED7AF7B24B286CB00C18E24 /* Base */ = {isa = PBXFileReference; lastKnownFileType = file.storyboard; name = Base; path = Base.lproj/Main.storyboard; sourceTree = "<group>"; };
		EED7AF7D24B286D100C18E24 /* Assets.xcassets */ = {isa = PBXFileReference; lastKnownFileType = folder.assetcatalog; path = Assets.xcassets; sourceTree = "<group>"; };
		EED7AF8024B286D100C18E24 /* Base */ = {isa = PBXFileReference; lastKnownFileType = file.storyboard; name = Base; path = Base.lproj/LaunchScreen.storyboard; sourceTree = "<group>"; };
		EED7AF8224B286D100C18E24 /* Info.plist */ = {isa = PBXFileReference; lastKnownFileType = text.plist.xml; path = Info.plist; sourceTree = "<group>"; };
		EED7AF8724B286D100C18E24 /* TheMovieDBTests.xctest */ = {isa = PBXFileReference; explicitFileType = wrapper.cfbundle; includeInIndex = 0; path = TheMovieDBTests.xctest; sourceTree = BUILT_PRODUCTS_DIR; };
		EED7AF8B24B286D100C18E24 /* TheMovieDBTests.swift */ = {isa = PBXFileReference; lastKnownFileType = sourcecode.swift; path = TheMovieDBTests.swift; sourceTree = "<group>"; };
		EED7AF8D24B286D100C18E24 /* Info.plist */ = {isa = PBXFileReference; lastKnownFileType = text.plist.xml; path = Info.plist; sourceTree = "<group>"; };
		EED7AF9924B287F200C18E24 /* Movies.swift */ = {isa = PBXFileReference; lastKnownFileType = sourcecode.swift; path = Movies.swift; sourceTree = "<group>"; };
		EED7AF9B24B287FF00C18E24 /* Networking.swift */ = {isa = PBXFileReference; lastKnownFileType = sourcecode.swift; path = Networking.swift; sourceTree = "<group>"; };
/* End PBXFileReference section */

/* Begin PBXFrameworksBuildPhase section */
		EED7AF6E24B286CB00C18E24 /* Frameworks */ = {
			isa = PBXFrameworksBuildPhase;
			buildActionMask = 2147483647;
			files = (
			);
			runOnlyForDeploymentPostprocessing = 0;
		};
		EED7AF8424B286D100C18E24 /* Frameworks */ = {
			isa = PBXFrameworksBuildPhase;
			buildActionMask = 2147483647;
			files = (
			);
			runOnlyForDeploymentPostprocessing = 0;
		};
/* End PBXFrameworksBuildPhase section */

/* Begin PBXGroup section */
		EED7AF6824B286CB00C18E24 = {
			isa = PBXGroup;
			children = (
				EED7AF9824B2878000C18E24 /* Controller */,
				EED7AF9724B2877B00C18E24 /* View */,
				EED7AF9624B2876D00C18E24 /* Model */,
				EED7AF7324B286CB00C18E24 /* TheMovieDB */,
				EED7AF8A24B286D100C18E24 /* TheMovieDBTests */,
				EED7AF7224B286CB00C18E24 /* Products */,
			);
			sourceTree = "<group>";
		};
		EED7AF7224B286CB00C18E24 /* Products */ = {
			isa = PBXGroup;
			children = (
				EED7AF7124B286CB00C18E24 /* TheMovieDB.app */,
				EED7AF8724B286D100C18E24 /* TheMovieDBTests.xctest */,
			);
			name = Products;
			sourceTree = "<group>";
		};
		EED7AF7324B286CB00C18E24 /* TheMovieDB */ = {
			isa = PBXGroup;
			children = (
				EED7AF7424B286CB00C18E24 /* AppDelegate.swift */,
				EED7AF7624B286CB00C18E24 /* SceneDelegate.swift */,
				EED7AF7824B286CB00C18E24 /* ViewController.swift */,
				EED7AF7A24B286CB00C18E24 /* Main.storyboard */,
				EED7AF7D24B286D100C18E24 /* Assets.xcassets */,
				EED7AF7F24B286D100C18E24 /* LaunchScreen.storyboard */,
				EED7AF8224B286D100C18E24 /* Info.plist */,
			);
			path = TheMovieDB;
			sourceTree = "<group>";
		};
		EED7AF8A24B286D100C18E24 /* TheMovieDBTests */ = {
			isa = PBXGroup;
			children = (
				EED7AF8B24B286D100C18E24 /* TheMovieDBTests.swift */,
				EED7AF8D24B286D100C18E24 /* Info.plist */,
			);
			path = TheMovieDBTests;
			sourceTree = "<group>";
		};
		EED7AF9624B2876D00C18E24 /* Model */ = {
			isa = PBXGroup;
			children = (
				EED7AF9924B287F200C18E24 /* Movies.swift */,
				EED7AF9B24B287FF00C18E24 /* Networking.swift */,
			);
			path = Model;
			sourceTree = "<group>";
		};
		EED7AF9724B2877B00C18E24 /* View */ = {
			isa = PBXGroup;
			children = (
			);
			path = View;
			sourceTree = "<group>";
		};
		EED7AF9824B2878000C18E24 /* Controller */ = {
			isa = PBXGroup;
			children = (
			);
			path = Controller;
			sourceTree = "<group>";
		};
/* End PBXGroup section */

/* Begin PBXNativeTarget section */
		EED7AF7024B286CB00C18E24 /* TheMovieDB */ = {
			isa = PBXNativeTarget;
			buildConfigurationList = EED7AF9024B286D100C18E24 /* Build configuration list for PBXNativeTarget "TheMovieDB" */;
			buildPhases = (
				EED7AF6D24B286CB00C18E24 /* Sources */,
				EED7AF6E24B286CB00C18E24 /* Frameworks */,
				EED7AF6F24B286CB00C18E24 /* Resources */,
			);
			buildRules = (
			);
			dependencies = (
			);
			name = TheMovieDB;
			productName = TheMovieDB;
			productReference = EED7AF7124B286CB00C18E24 /* TheMovieDB.app */;
			productType = "com.apple.product-type.application";
		};
		EED7AF8624B286D100C18E24 /* TheMovieDBTests */ = {
			isa = PBXNativeTarget;
			buildConfigurationList = EED7AF9324B286D100C18E24 /* Build configuration list for PBXNativeTarget "TheMovieDBTests" */;
			buildPhases = (
				EED7AF8324B286D100C18E24 /* Sources */,
				EED7AF8424B286D100C18E24 /* Frameworks */,
				EED7AF8524B286D100C18E24 /* Resources */,
			);
			buildRules = (
			);
			dependencies = (
				EED7AF8924B286D100C18E24 /* PBXTargetDependency */,
			);
			name = TheMovieDBTests;
			productName = TheMovieDBTests;
			productReference = EED7AF8724B286D100C18E24 /* TheMovieDBTests.xctest */;
			productType = "com.apple.product-type.bundle.unit-test";
		};
/* End PBXNativeTarget section */

/* Begin PBXProject section */
		EED7AF6924B286CB00C18E24 /* Project object */ = {
			isa = PBXProject;
			attributes = {
				LastSwiftUpdateCheck = 1150;
				LastUpgradeCheck = 1150;
				ORGANIZATIONNAME = Duale;
				TargetAttributes = {
					EED7AF7024B286CB00C18E24 = {
						CreatedOnToolsVersion = 11.5;
					};
					EED7AF8624B286D100C18E24 = {
						CreatedOnToolsVersion = 11.5;
						TestTargetID = EED7AF7024B286CB00C18E24;
					};
				};
			};
			buildConfigurationList = EED7AF6C24B286CB00C18E24 /* Build configuration list for PBXProject "TheMovieDB" */;
			compatibilityVersion = "Xcode 9.3";
			developmentRegion = en;
			hasScannedForEncodings = 0;
			knownRegions = (
				en,
				Base,
			);
			mainGroup = EED7AF6824B286CB00C18E24;
			productRefGroup = EED7AF7224B286CB00C18E24 /* Products */;
			projectDirPath = "";
			projectRoot = "";
			targets = (
				EED7AF7024B286CB00C18E24 /* TheMovieDB */,
				EED7AF8624B286D100C18E24 /* TheMovieDBTests */,
			);
		};
/* End PBXProject section */

/* Begin PBXResourcesBuildPhase section */
		EED7AF6F24B286CB00C18E24 /* Resources */ = {
			isa = PBXResourcesBuildPhase;
			buildActionMask = 2147483647;
			files = (
				EED7AF8124B286D100C18E24 /* LaunchScreen.storyboard in Resources */,
				EED7AF7E24B286D100C18E24 /* Assets.xcassets in Resources */,
				EED7AF7C24B286CB00C18E24 /* Main.storyboard in Resources */,
			);
			runOnlyForDeploymentPostprocessing = 0;
		};
		EED7AF8524B286D100C18E24 /* Resources */ = {
			isa = PBXResourcesBuildPhase;
			buildActionMask = 2147483647;
			files = (
			);
			runOnlyForDeploymentPostprocessing = 0;
		};
/* End PBXResourcesBuildPhase section */

/* Begin PBXSourcesBuildPhase section */
		EED7AF6D24B286CB00C18E24 /* Sources */ = {
			isa = PBXSourcesBuildPhase;
			buildActionMask = 2147483647;
			files = (
				EED7AF7924B286CB00C18E24 /* ViewController.swift in Sources */,
				EED7AF9C24B287FF00C18E24 /* Networking.swift in Sources */,
				EED7AF7524B286CB00C18E24 /* AppDelegate.swift in Sources */,
				EED7AF9A24B287F200C18E24 /* Movies.swift in Sources */,
				EED7AF7724B286CB00C18E24 /* SceneDelegate.swift in Sources */,
			);
			runOnlyForDeploymentPostprocessing = 0;
		};
		EED7AF8324B286D100C18E24 /* Sources */ = {
			isa = PBXSourcesBuildPhase;
			buildActionMask = 2147483647;
			files = (
				EED7AF8C24B286D100C18E24 /* TheMovieDBTests.swift in Sources */,
			);
			runOnlyForDeploymentPostprocessing = 0;
		};
/* End PBXSourcesBuildPhase section */

/* Begin PBXTargetDependency section */
		EED7AF8924B286D100C18E24 /* PBXTargetDependency */ = {
			isa = PBXTargetDependency;
			target = EED7AF7024B286CB00C18E24 /* TheMovieDB */;
			targetProxy = EED7AF8824B286D100C18E24 /* PBXContainerItemProxy */;
		};
/* End PBXTargetDependency section */

/* Begin PBXVariantGroup section */
		EED7AF7A24B286CB00C18E24 /* Main.storyboard */ = {
			isa = PBXVariantGroup;
			children = (
				EED7AF7B24B286CB00C18E24 /* Base */,
			);
			name = Main.storyboard;
			sourceTree = "<group>";
		};
		EED7AF7F24B286D100C18E24 /* LaunchScreen.storyboard */ = {
			isa = PBXVariantGroup;
			children = (
				EED7AF8024B286D100C18E24 /* Base */,
			);
			name = LaunchScreen.storyboard;
			sourceTree = "<group>";
		};
/* End PBXVariantGroup section */

/* Begin XCBuildConfiguration section */
		EED7AF8E24B286D100C18E24 /* Debug */ = {
			isa = XCBuildConfiguration;
			buildSettings = {
				ALWAYS_SEARCH_USER_PATHS = NO;
				CLANG_ANALYZER_NONNULL = YES;
				CLANG_ANALYZER_NUMBER_OBJECT_CONVERSION = YES_AGGRESSIVE;
				CLANG_CXX_LANGUAGE_STANDARD = "gnu++14";
				CLANG_CXX_LIBRARY = "libc++";
				CLANG_ENABLE_MODULES = YES;
				CLANG_ENABLE_OBJC_ARC = YES;
				CLANG_ENABLE_OBJC_WEAK = YES;
				CLANG_WARN_BLOCK_CAPTURE_AUTORELEASING = YES;
				CLANG_WARN_BOOL_CONVERSION = YES;
				CLANG_WARN_COMMA = YES;
				CLANG_WARN_CONSTANT_CONVERSION = YES;
				CLANG_WARN_DEPRECATED_OBJC_IMPLEMENTATIONS = YES;
				CLANG_WARN_DIRECT_OBJC_ISA_USAGE = YES_ERROR;
				CLANG_WARN_DOCUMENTATION_COMMENTS = YES;
				CLANG_WARN_EMPTY_BODY = YES;
				CLANG_WARN_ENUM_CONVERSION = YES;
				CLANG_WARN_INFINITE_RECURSION = YES;
				CLANG_WARN_INT_CONVERSION = YES;
				CLANG_WARN_NON_LITERAL_NULL_CONVERSION = YES;
				CLANG_WARN_OBJC_IMPLICIT_RETAIN_SELF = YES;
				CLANG_WARN_OBJC_LITERAL_CONVERSION = YES;
				CLANG_WARN_OBJC_ROOT_CLASS = YES_ERROR;
				CLANG_WARN_RANGE_LOOP_ANALYSIS = YES;
				CLANG_WARN_STRICT_PROTOTYPES = YES;
				CLANG_WARN_SUSPICIOUS_MOVE = YES;
				CLANG_WARN_UNGUARDED_AVAILABILITY = YES_AGGRESSIVE;
				CLANG_WARN_UNREACHABLE_CODE = YES;
				CLANG_WARN__DUPLICATE_METHOD_MATCH = YES;
				COPY_PHASE_STRIP = NO;
				DEBUG_INFORMATION_FORMAT = dwarf;
				ENABLE_STRICT_OBJC_MSGSEND = YES;
				ENABLE_TESTABILITY = YES;
				GCC_C_LANGUAGE_STANDARD = gnu11;
				GCC_DYNAMIC_NO_PIC = NO;
				GCC_NO_COMMON_BLOCKS = YES;
				GCC_OPTIMIZATION_LEVEL = 0;
				GCC_PREPROCESSOR_DEFINITIONS = (
					"DEBUG=1",
					"$(inherited)",
				);
				GCC_WARN_64_TO_32_BIT_CONVERSION = YES;
				GCC_WARN_ABOUT_RETURN_TYPE = YES_ERROR;
				GCC_WARN_UNDECLARED_SELECTOR = YES;
				GCC_WARN_UNINITIALIZED_AUTOS = YES_AGGRESSIVE;
				GCC_WARN_UNUSED_FUNCTION = YES;
				GCC_WARN_UNUSED_VARIABLE = YES;
				IPHONEOS_DEPLOYMENT_TARGET = 13.5;
				MTL_ENABLE_DEBUG_INFO = INCLUDE_SOURCE;
				MTL_FAST_MATH = YES;
				ONLY_ACTIVE_ARCH = YES;
				SDKROOT = iphoneos;
				SWIFT_ACTIVE_COMPILATION_CONDITIONS = DEBUG;
				SWIFT_OPTIMIZATION_LEVEL = "-Onone";
			};
			name = Debug;
		};
		EED7AF8F24B286D100C18E24 /* Release */ = {
			isa = XCBuildConfiguration;
			buildSettings = {
				ALWAYS_SEARCH_USER_PATHS = NO;
				CLANG_ANALYZER_NONNULL = YES;
				CLANG_ANALYZER_NUMBER_OBJECT_CONVERSION = YES_AGGRESSIVE;
				CLANG_CXX_LANGUAGE_STANDARD = "gnu++14";
				CLANG_CXX_LIBRARY = "libc++";
				CLANG_ENABLE_MODULES = YES;
				CLANG_ENABLE_OBJC_ARC = YES;
				CLANG_ENABLE_OBJC_WEAK = YES;
				CLANG_WARN_BLOCK_CAPTURE_AUTORELEASING = YES;
				CLANG_WARN_BOOL_CONVERSION = YES;
				CLANG_WARN_COMMA = YES;
				CLANG_WARN_CONSTANT_CONVERSION = YES;
				CLANG_WARN_DEPRECATED_OBJC_IMPLEMENTATIONS = YES;
				CLANG_WARN_DIRECT_OBJC_ISA_USAGE = YES_ERROR;
				CLANG_WARN_DOCUMENTATION_COMMENTS = YES;
				CLANG_WARN_EMPTY_BODY = YES;
				CLANG_WARN_ENUM_CONVERSION = YES;
				CLANG_WARN_INFINITE_RECURSION = YES;
				CLANG_WARN_INT_CONVERSION = YES;
				CLANG_WARN_NON_LITERAL_NULL_CONVERSION = YES;
				CLANG_WARN_OBJC_IMPLICIT_RETAIN_SELF = YES;
				CLANG_WARN_OBJC_LITERAL_CONVERSION = YES;
				CLANG_WARN_OBJC_ROOT_CLASS = YES_ERROR;
				CLANG_WARN_RANGE_LOOP_ANALYSIS = YES;
				CLANG_WARN_STRICT_PROTOTYPES = YES;
				CLANG_WARN_SUSPICIOUS_MOVE = YES;
				CLANG_WARN_UNGUARDED_AVAILABILITY = YES_AGGRESSIVE;
				CLANG_WARN_UNREACHABLE_CODE = YES;
				CLANG_WARN__DUPLICATE_METHOD_MATCH = YES;
				COPY_PHASE_STRIP = NO;
				DEBUG_INFORMATION_FORMAT = "dwarf-with-dsym";
				ENABLE_NS_ASSERTIONS = NO;
				ENABLE_STRICT_OBJC_MSGSEND = YES;
				GCC_C_LANGUAGE_STANDARD = gnu11;
				GCC_NO_COMMON_BLOCKS = YES;
				GCC_WARN_64_TO_32_BIT_CONVERSION = YES;
				GCC_WARN_ABOUT_RETURN_TYPE = YES_ERROR;
				GCC_WARN_UNDECLARED_SELECTOR = YES;
				GCC_WARN_UNINITIALIZED_AUTOS = YES_AGGRESSIVE;
				GCC_WARN_UNUSED_FUNCTION = YES;
				GCC_WARN_UNUSED_VARIABLE = YES;
				IPHONEOS_DEPLOYMENT_TARGET = 13.5;
				MTL_ENABLE_DEBUG_INFO = NO;
				MTL_FAST_MATH = YES;
				SDKROOT = iphoneos;
				SWIFT_COMPILATION_MODE = wholemodule;
				SWIFT_OPTIMIZATION_LEVEL = "-O";
				VALIDATE_PRODUCT = YES;
			};
			name = Release;
		};
		EED7AF9124B286D100C18E24 /* Debug */ = {
			isa = XCBuildConfiguration;
			buildSettings = {
				ASSETCATALOG_COMPILER_APPICON_NAME = AppIcon;
				CODE_SIGN_STYLE = Automatic;
				DEVELOPMENT_TEAM = GG9M3SY3Q6;
				INFOPLIST_FILE = TheMovieDB/Info.plist;
				LD_RUNPATH_SEARCH_PATHS = (
					"$(inherited)",
					"@executable_path/Frameworks",
				);
				PRODUCT_BUNDLE_IDENTIFIER = com.themovieDAbdullahi.TheMovieDB;
				PRODUCT_NAME = "$(TARGET_NAME)";
				SWIFT_VERSION = 5.0;
				TARGETED_DEVICE_FAMILY = "1,2";
			};
			name = Debug;
		};
		EED7AF9224B286D100C18E24 /* Release */ = {
			isa = XCBuildConfiguration;
			buildSettings = {
				ASSETCATALOG_COMPILER_APPICON_NAME = AppIcon;
				CODE_SIGN_STYLE = Automatic;
				DEVELOPMENT_TEAM = GG9M3SY3Q6;
				INFOPLIST_FILE = TheMovieDB/Info.plist;
				LD_RUNPATH_SEARCH_PATHS = (
					"$(inherited)",
					"@executable_path/Frameworks",
				);
				PRODUCT_BUNDLE_IDENTIFIER = com.themovieDAbdullahi.TheMovieDB;
				PRODUCT_NAME = "$(TARGET_NAME)";
				SWIFT_VERSION = 5.0;
				TARGETED_DEVICE_FAMILY = "1,2";
			};
			name = Release;
		};
		EED7AF9424B286D100C18E24 /* Debug */ = {
			isa = XCBuildConfiguration;
			buildSettings = {
				ALWAYS_EMBED_SWIFT_STANDARD_LIBRARIES = YES;
				BUNDLE_LOADER = "$(TEST_HOST)";
				CODE_SIGN_STYLE = Automatic;
				DEVELOPMENT_TEAM = GG9M3SY3Q6;
				INFOPLIST_FILE = TheMovieDBTests/Info.plist;
				IPHONEOS_DEPLOYMENT_TARGET = 13.5;
				LD_RUNPATH_SEARCH_PATHS = (
					"$(inherited)",
					"@executable_path/Frameworks",
					"@loader_path/Frameworks",
				);
				PRODUCT_BUNDLE_IDENTIFIER = com.themovieDAbdullahi.TheMovieDBTests;
				PRODUCT_NAME = "$(TARGET_NAME)";
				SWIFT_VERSION = 5.0;
				TARGETED_DEVICE_FAMILY = "1,2";
				TEST_HOST = "$(BUILT_PRODUCTS_DIR)/TheMovieDB.app/TheMovieDB";
			};
			name = Debug;
		};
		EED7AF9524B286D100C18E24 /* Release */ = {
			isa = XCBuildConfiguration;
			buildSettings = {
				ALWAYS_EMBED_SWIFT_STANDARD_LIBRARIES = YES;
				BUNDLE_LOADER = "$(TEST_HOST)";
				CODE_SIGN_STYLE = Automatic;
				DEVELOPMENT_TEAM = GG9M3SY3Q6;
				INFOPLIST_FILE = TheMovieDBTests/Info.plist;
				IPHONEOS_DEPLOYMENT_TARGET = 13.5;
				LD_RUNPATH_SEARCH_PATHS = (
					"$(inherited)",
					"@executable_path/Frameworks",
					"@loader_path/Frameworks",
				);
				PRODUCT_BUNDLE_IDENTIFIER = com.themovieDAbdullahi.TheMovieDBTests;
				PRODUCT_NAME = "$(TARGET_NAME)";
				SWIFT_VERSION = 5.0;
				TARGETED_DEVICE_FAMILY = "1,2";
				TEST_HOST = "$(BUILT_PRODUCTS_DIR)/TheMovieDB.app/TheMovieDB";
			};
			name = Release;
		};
/* End XCBuildConfiguration section */

/* Begin XCConfigurationList section */
		EED7AF6C24B286CB00C18E24 /* Build configuration list for PBXProject "TheMovieDB" */ = {
			isa = XCConfigurationList;
			buildConfigurations = (
				EED7AF8E24B286D100C18E24 /* Debug */,
				EED7AF8F24B286D100C18E24 /* Release */,
			);
			defaultConfigurationIsVisible = 0;
			defaultConfigurationName = Release;
		};
		EED7AF9024B286D100C18E24 /* Build configuration list for PBXNativeTarget "TheMovieDB" */ = {
			isa = XCConfigurationList;
			buildConfigurations = (
				EED7AF9124B286D100C18E24 /* Debug */,
				EED7AF9224B286D100C18E24 /* Release */,
			);
			defaultConfigurationIsVisible = 0;
			defaultConfigurationName = Release;
		};
		EED7AF9324B286D100C18E24 /* Build configuration list for PBXNativeTarget "TheMovieDBTests" */ = {
			isa = XCConfigurationList;
			buildConfigurations = (
				EED7AF9424B286D100C18E24 /* Debug */,
				EED7AF9524B286D100C18E24 /* Release */,
			);
			defaultConfigurationIsVisible = 0;
			defaultConfigurationName = Release;
		};
/* End XCConfigurationList section */
	};
	rootObject = EED7AF6924B286CB00C18E24 /* Project object */;
}
